// !$*UTF8*$!
{
	archiveVersion = 1;
	classes = {
	};
	objectVersion = 56;
	objects = {

/* Begin PBXBuildFile section */
		395163742C094A79003E39C7 /* CulinaryCompassApp.swift in Sources */ = {isa = PBXBuildFile; fileRef = 395163732C094A79003E39C7 /* CulinaryCompassApp.swift */; };
		395163762C094A79003E39C7 /* ContentView.swift in Sources */ = {isa = PBXBuildFile; fileRef = 395163752C094A79003E39C7 /* ContentView.swift */; };
		395163782C094A7B003E39C7 /* Assets.xcassets in Resources */ = {isa = PBXBuildFile; fileRef = 395163772C094A7B003E39C7 /* Assets.xcassets */; };
		3951637C2C094A7B003E39C7 /* Preview Assets.xcassets in Resources */ = {isa = PBXBuildFile; fileRef = 3951637B2C094A7B003E39C7 /* Preview Assets.xcassets */; };
		395163862C0A29AF003E39C7 /* ApiClient.swift in Sources */ = {isa = PBXBuildFile; fileRef = 395163852C0A29AF003E39C7 /* ApiClient.swift */; };
		395163882C0A2A37003E39C7 /* Modelo.swift in Sources */ = {isa = PBXBuildFile; fileRef = 395163872C0A2A37003E39C7 /* Modelo.swift */; };
		3951638A2C0A2A5F003E39C7 /* culinaryCompassViewModel.swift in Sources */ = {isa = PBXBuildFile; fileRef = 395163892C0A2A5F003E39C7 /* culinaryCompassViewModel.swift */; };
		3951638C2C0A2A7F003E39C7 /* culinaryCompassView.swift in Sources */ = {isa = PBXBuildFile; fileRef = 3951638B2C0A2A7F003E39C7 /* culinaryCompassView.swift */; };
		3951638E2C0A5238003E39C7 /* SplashView.swift in Sources */ = {isa = PBXBuildFile; fileRef = 3951638D2C0A5238003E39C7 /* SplashView.swift */; };
/* End PBXBuildFile section */

/* Begin PBXFileReference section */
		395163702C094A79003E39C7 /* CulinaryCompass.app */ = {isa = PBXFileReference; explicitFileType = wrapper.application; includeInIndex = 0; path = CulinaryCompass.app; sourceTree = BUILT_PRODUCTS_DIR; };
		395163732C094A79003E39C7 /* CulinaryCompassApp.swift */ = {isa = PBXFileReference; lastKnownFileType = sourcecode.swift; path = CulinaryCompassApp.swift; sourceTree = "<group>"; };
		395163752C094A79003E39C7 /* ContentView.swift */ = {isa = PBXFileReference; lastKnownFileType = sourcecode.swift; path = ContentView.swift; sourceTree = "<group>"; };
		395163772C094A7B003E39C7 /* Assets.xcassets */ = {isa = PBXFileReference; lastKnownFileType = folder.assetcatalog; path = Assets.xcassets; sourceTree = "<group>"; };
		395163792C094A7B003E39C7 /* CulinaryCompass.entitlements */ = {isa = PBXFileReference; lastKnownFileType = text.plist.entitlements; path = CulinaryCompass.entitlements; sourceTree = "<group>"; };
		3951637B2C094A7B003E39C7 /* Preview Assets.xcassets */ = {isa = PBXFileReference; lastKnownFileType = folder.assetcatalog; path = "Preview Assets.xcassets"; sourceTree = "<group>"; };
		395163852C0A29AF003E39C7 /* ApiClient.swift */ = {isa = PBXFileReference; lastKnownFileType = sourcecode.swift; path = ApiClient.swift; sourceTree = "<group>"; };
		395163872C0A2A37003E39C7 /* Modelo.swift */ = {isa = PBXFileReference; lastKnownFileType = sourcecode.swift; path = Modelo.swift; sourceTree = "<group>"; };
		395163892C0A2A5F003E39C7 /* culinaryCompassViewModel.swift */ = {isa = PBXFileReference; lastKnownFileType = sourcecode.swift; path = culinaryCompassViewModel.swift; sourceTree = "<group>"; };
		3951638B2C0A2A7F003E39C7 /* culinaryCompassView.swift */ = {isa = PBXFileReference; lastKnownFileType = sourcecode.swift; path = culinaryCompassView.swift; sourceTree = "<group>"; };
		3951638D2C0A5238003E39C7 /* SplashView.swift */ = {isa = PBXFileReference; lastKnownFileType = sourcecode.swift; path = SplashView.swift; sourceTree = "<group>"; };
/* End PBXFileReference section */

/* Begin PBXFrameworksBuildPhase section */
		3951636D2C094A79003E39C7 /* Frameworks */ = {
			isa = PBXFrameworksBuildPhase;
			buildActionMask = 2147483647;
			files = (
			);
			runOnlyForDeploymentPostprocessing = 0;
		};
/* End PBXFrameworksBuildPhase section */

/* Begin PBXGroup section */
		395163672C094A79003E39C7 = {
			isa = PBXGroup;
			children = (
				395163842C094ACC003E39C7 /* Models */,
				395163832C094AB5003E39C7 /* Modules */,
				395163822C094AA5003E39C7 /* NetWork */,
				395163722C094A79003E39C7 /* CulinaryCompass */,
				395163712C094A79003E39C7 /* Products */,
			);
			sourceTree = "<group>";
		};
		395163712C094A79003E39C7 /* Products */ = {
			isa = PBXGroup;
			children = (
				395163702C094A79003E39C7 /* CulinaryCompass.app */,
			);
			name = Products;
			sourceTree = "<group>";
		};
		395163722C094A79003E39C7 /* CulinaryCompass */ = {
			isa = PBXGroup;
			children = (
				395163732C094A79003E39C7 /* CulinaryCompassApp.swift */,
				395163752C094A79003E39C7 /* ContentView.swift */,
				395163772C094A7B003E39C7 /* Assets.xcassets */,
				395163792C094A7B003E39C7 /* CulinaryCompass.entitlements */,
				3951637A2C094A7B003E39C7 /* Preview Content */,
			);
			path = CulinaryCompass;
			sourceTree = "<group>";
		};
		3951637A2C094A7B003E39C7 /* Preview Content */ = {
			isa = PBXGroup;
			children = (
				3951637B2C094A7B003E39C7 /* Preview Assets.xcassets */,
			);
			path = "Preview Content";
			sourceTree = "<group>";
		};
		395163822C094AA5003E39C7 /* NetWork */ = {
			isa = PBXGroup;
			children = (
				395163852C0A29AF003E39C7 /* ApiClient.swift */,
			);
			path = NetWork;
			sourceTree = "<group>";
		};
		395163832C094AB5003E39C7 /* Modules */ = {
			isa = PBXGroup;
			children = (
				395163892C0A2A5F003E39C7 /* culinaryCompassViewModel.swift */,
				3951638B2C0A2A7F003E39C7 /* culinaryCompassView.swift */,
				3951638D2C0A5238003E39C7 /* SplashView.swift */,
			);
			path = Modules;
			sourceTree = "<group>";
		};
		395163842C094ACC003E39C7 /* Models */ = {
			isa = PBXGroup;
			children = (
				395163872C0A2A37003E39C7 /* Modelo.swift */,
			);
			path = Models;
			sourceTree = "<group>";
		};
/* End PBXGroup section */

/* Begin PBXNativeTarget section */
		3951636F2C094A79003E39C7 /* CulinaryCompass */ = {
			isa = PBXNativeTarget;
			buildConfigurationList = 3951637F2C094A7B003E39C7 /* Build configuration list for PBXNativeTarget "CulinaryCompass" */;
			buildPhases = (
				3951636C2C094A79003E39C7 /* Sources */,
				3951636D2C094A79003E39C7 /* Frameworks */,
				3951636E2C094A79003E39C7 /* Resources */,
			);
			buildRules = (
			);
			dependencies = (
			);
			name = CulinaryCompass;
			productName = CulinaryCompass;
			productReference = 395163702C094A79003E39C7 /* CulinaryCompass.app */;
			productType = "com.apple.product-type.application";
		};
/* End PBXNativeTarget section */

/* Begin PBXProject section */
		395163682C094A79003E39C7 /* Project object */ = {
			isa = PBXProject;
			attributes = {
				BuildIndependentTargetsInParallel = 1;
				LastSwiftUpdateCheck = 1540;
				LastUpgradeCheck = 1540;
				TargetAttributes = {
					3951636F2C094A79003E39C7 = {
						CreatedOnToolsVersion = 15.4;
					};
				};
			};
			buildConfigurationList = 3951636B2C094A79003E39C7 /* Build configuration list for PBXProject "CulinaryCompass" */;
			compatibilityVersion = "Xcode 14.0";
			developmentRegion = en;
			hasScannedForEncodings = 0;
			knownRegions = (
				en,
				Base,
			);
			mainGroup = 395163672C094A79003E39C7;
			productRefGroup = 395163712C094A79003E39C7 /* Products */;
			projectDirPath = "";
			projectRoot = "";
			targets = (
				3951636F2C094A79003E39C7 /* CulinaryCompass */,
			);
		};
/* End PBXProject section */

/* Begin PBXResourcesBuildPhase section */
		3951636E2C094A79003E39C7 /* Resources */ = {
			isa = PBXResourcesBuildPhase;
			buildActionMask = 2147483647;
			files = (
				3951637C2C094A7B003E39C7 /* Preview Assets.xcassets in Resources */,
				395163782C094A7B003E39C7 /* Assets.xcassets in Resources */,
			);
			runOnlyForDeploymentPostprocessing = 0;
		};
/* End PBXResourcesBuildPhase section */

/* Begin PBXSourcesBuildPhase section */
		3951636C2C094A79003E39C7 /* Sources */ = {
			isa = PBXSourcesBuildPhase;
			buildActionMask = 2147483647;
			files = (
				395163762C094A79003E39C7 /* ContentView.swift in Sources */,
				3951638A2C0A2A5F003E39C7 /* culinaryCompassViewModel.swift in Sources */,
				395163742C094A79003E39C7 /* CulinaryCompassApp.swift in Sources */,
				395163862C0A29AF003E39C7 /* ApiClient.swift in Sources */,
				3951638C2C0A2A7F003E39C7 /* culinaryCompassView.swift in Sources */,
				395163882C0A2A37003E39C7 /* Modelo.swift in Sources */,
				3951638E2C0A5238003E39C7 /* SplashView.swift in Sources */,
			);
			runOnlyForDeploymentPostprocessing = 0;
		};
/* End PBXSourcesBuildPhase section */

/* Begin XCBuildConfiguration section */
		3951637D2C094A7B003E39C7 /* Debug */ = {
			isa = XCBuildConfiguration;
			buildSettings = {
				ALWAYS_SEARCH_USER_PATHS = NO;
				ASSETCATALOG_COMPILER_GENERATE_SWIFT_ASSET_SYMBOL_EXTENSIONS = YES;
				CLANG_ANALYZER_NONNULL = YES;
				CLANG_ANALYZER_NUMBER_OBJECT_CONVERSION = YES_AGGRESSIVE;
				CLANG_CXX_LANGUAGE_STANDARD = "gnu++20";
				CLANG_ENABLE_MODULES = YES;
				CLANG_ENABLE_OBJC_ARC = YES;
				CLANG_ENABLE_OBJC_WEAK = YES;
				CLANG_WARN_BLOCK_CAPTURE_AUTORELEASING = YES;
				CLANG_WARN_BOOL_CONVERSION = YES;
				CLANG_WARN_COMMA = YES;
				CLANG_WARN_CONSTANT_CONVERSION = YES;
				CLANG_WARN_DEPRECATED_OBJC_IMPLEMENTATIONS = YES;
				CLANG_WARN_DIRECT_OBJC_ISA_USAGE = YES_ERROR;
				CLANG_WARN_DOCUMENTATION_COMMENTS = YES;
				CLANG_WARN_EMPTY_BODY = YES;
				CLANG_WARN_ENUM_CONVERSION = YES;
				CLANG_WARN_INFINITE_RECURSION = YES;
				CLANG_WARN_INT_CONVERSION = YES;
				CLANG_WARN_NON_LITERAL_NULL_CONVERSION = YES;
				CLANG_WARN_OBJC_IMPLICIT_RETAIN_SELF = YES;
				CLANG_WARN_OBJC_LITERAL_CONVERSION = YES;
				CLANG_WARN_OBJC_ROOT_CLASS = YES_ERROR;
				CLANG_WARN_QUOTED_INCLUDE_IN_FRAMEWORK_HEADER = YES;
				CLANG_WARN_RANGE_LOOP_ANALYSIS = YES;
				CLANG_WARN_STRICT_PROTOTYPES = YES;
				CLANG_WARN_SUSPICIOUS_MOVE = YES;
				CLANG_WARN_UNGUARDED_AVAILABILITY = YES_AGGRESSIVE;
				CLANG_WARN_UNREACHABLE_CODE = YES;
				CLANG_WARN__DUPLICATE_METHOD_MATCH = YES;
				COPY_PHASE_STRIP = NO;
				DEBUG_INFORMATION_FORMAT = dwarf;
				ENABLE_STRICT_OBJC_MSGSEND = YES;
				ENABLE_TESTABILITY = YES;
				ENABLE_USER_SCRIPT_SANDBOXING = YES;
				GCC_C_LANGUAGE_STANDARD = gnu17;
				GCC_DYNAMIC_NO_PIC = NO;
				GCC_NO_COMMON_BLOCKS = YES;
				GCC_OPTIMIZATION_LEVEL = 0;
				GCC_PREPROCESSOR_DEFINITIONS = (
					"DEBUG=1",
					"$(inherited)",
				);
				GCC_WARN_64_TO_32_BIT_CONVERSION = YES;
				GCC_WARN_ABOUT_RETURN_TYPE = YES_ERROR;
				GCC_WARN_UNDECLARED_SELECTOR = YES;
				GCC_WARN_UNINITIALIZED_AUTOS = YES_AGGRESSIVE;
				GCC_WARN_UNUSED_FUNCTION = YES;
				GCC_WARN_UNUSED_VARIABLE = YES;
				LOCALIZATION_PREFERS_STRING_CATALOGS = YES;
				MTL_ENABLE_DEBUG_INFO = INCLUDE_SOURCE;
				MTL_FAST_MATH = YES;
				ONLY_ACTIVE_ARCH = YES;
				SWIFT_ACTIVE_COMPILATION_CONDITIONS = "DEBUG $(inherited)";
				SWIFT_OPTIMIZATION_LEVEL = "-Onone";
			};
			name = Debug;
		};
		3951637E2C094A7B003E39C7 /* Release */ = {
			isa = XCBuildConfiguration;
			buildSettings = {
				ALWAYS_SEARCH_USER_PATHS = NO;
				ASSETCATALOG_COMPILER_GENERATE_SWIFT_ASSET_SYMBOL_EXTENSIONS = YES;
				CLANG_ANALYZER_NONNULL = YES;
				CLANG_ANALYZER_NUMBER_OBJECT_CONVERSION = YES_AGGRESSIVE;
				CLANG_CXX_LANGUAGE_STANDARD = "gnu++20";
				CLANG_ENABLE_MODULES = YES;
				CLANG_ENABLE_OBJC_ARC = YES;
				CLANG_ENABLE_OBJC_WEAK = YES;
				CLANG_WARN_BLOCK_CAPTURE_AUTORELEASING = YES;
				CLANG_WARN_BOOL_CONVERSION = YES;
				CLANG_WARN_COMMA = YES;
				CLANG_WARN_CONSTANT_CONVERSION = YES;
				CLANG_WARN_DEPRECATED_OBJC_IMPLEMENTATIONS = YES;
				CLANG_WARN_DIRECT_OBJC_ISA_USAGE = YES_ERROR;
				CLANG_WARN_DOCUMENTATION_COMMENTS = YES;
				CLANG_WARN_EMPTY_BODY = YES;
				CLANG_WARN_ENUM_CONVERSION = YES;
				CLANG_WARN_INFINITE_RECURSION = YES;
				CLANG_WARN_INT_CONVERSION = YES;
				CLANG_WARN_NON_LITERAL_NULL_CONVERSION = YES;
				CLANG_WARN_OBJC_IMPLICIT_RETAIN_SELF = YES;
				CLANG_WARN_OBJC_LITERAL_CONVERSION = YES;
				CLANG_WARN_OBJC_ROOT_CLASS = YES_ERROR;
				CLANG_WARN_QUOTED_INCLUDE_IN_FRAMEWORK_HEADER = YES;
				CLANG_WARN_RANGE_LOOP_ANALYSIS = YES;
				CLANG_WARN_STRICT_PROTOTYPES = YES;
				CLANG_WARN_SUSPICIOUS_MOVE = YES;
				CLANG_WARN_UNGUARDED_AVAILABILITY = YES_AGGRESSIVE;
				CLANG_WARN_UNREACHABLE_CODE = YES;
				CLANG_WARN__DUPLICATE_METHOD_MATCH = YES;
				COPY_PHASE_STRIP = NO;
				DEBUG_INFORMATION_FORMAT = "dwarf-with-dsym";
				ENABLE_NS_ASSERTIONS = NO;
				ENABLE_STRICT_OBJC_MSGSEND = YES;
				ENABLE_USER_SCRIPT_SANDBOXING = YES;
				GCC_C_LANGUAGE_STANDARD = gnu17;
				GCC_NO_COMMON_BLOCKS = YES;
				GCC_WARN_64_TO_32_BIT_CONVERSION = YES;
				GCC_WARN_ABOUT_RETURN_TYPE = YES_ERROR;
				GCC_WARN_UNDECLARED_SELECTOR = YES;
				GCC_WARN_UNINITIALIZED_AUTOS = YES_AGGRESSIVE;
				GCC_WARN_UNUSED_FUNCTION = YES;
				GCC_WARN_UNUSED_VARIABLE = YES;
				LOCALIZATION_PREFERS_STRING_CATALOGS = YES;
				MTL_ENABLE_DEBUG_INFO = NO;
				MTL_FAST_MATH = YES;
				SWIFT_COMPILATION_MODE = wholemodule;
			};
			name = Release;
		};
		395163802C094A7B003E39C7 /* Debug */ = {
			isa = XCBuildConfiguration;
			buildSettings = {
				ASSETCATALOG_COMPILER_APPICON_NAME = AppIcon;
				ASSETCATALOG_COMPILER_GLOBAL_ACCENT_COLOR_NAME = AccentColor;
				CODE_SIGN_ENTITLEMENTS = CulinaryCompass/CulinaryCompass.entitlements;
				CODE_SIGN_STYLE = Automatic;
				CURRENT_PROJECT_VERSION = 1;
				DEVELOPMENT_ASSET_PATHS = "\"CulinaryCompass/Preview Content\"";
				ENABLE_PREVIEWS = YES;
				GENERATE_INFOPLIST_FILE = YES;
				"INFOPLIST_KEY_UIApplicationSceneManifest_Generation[sdk=iphoneos*]" = YES;
				"INFOPLIST_KEY_UIApplicationSceneManifest_Generation[sdk=iphonesimulator*]" = YES;
				"INFOPLIST_KEY_UIApplicationSupportsIndirectInputEvents[sdk=iphoneos*]" = YES;
				"INFOPLIST_KEY_UIApplicationSupportsIndirectInputEvents[sdk=iphonesimulator*]" = YES;
				"INFOPLIST_KEY_UILaunchScreen_Generation[sdk=iphoneos*]" = YES;
				"INFOPLIST_KEY_UILaunchScreen_Generation[sdk=iphonesimulator*]" = YES;
				"INFOPLIST_KEY_UIStatusBarStyle[sdk=iphoneos*]" = UIStatusBarStyleDefault;
				"INFOPLIST_KEY_UIStatusBarStyle[sdk=iphonesimulator*]" = UIStatusBarStyleDefault;
				INFOPLIST_KEY_UISupportedInterfaceOrientations_iPad = "UIInterfaceOrientationPortrait UIInterfaceOrientationPortraitUpsideDown UIInterfaceOrientationLandscapeLeft UIInterfaceOrientationLandscapeRight";
				INFOPLIST_KEY_UISupportedInterfaceOrientations_iPhone = "UIInterfaceOrientationPortrait UIInterfaceOrientationLandscapeLeft UIInterfaceOrientationLandscapeRight";
				IPHONEOS_DEPLOYMENT_TARGET = 17.5;
				LD_RUNPATH_SEARCH_PATHS = "@executable_path/Frameworks";
				"LD_RUNPATH_SEARCH_PATHS[sdk=macosx*]" = "@executable_path/../Frameworks";
				MACOSX_DEPLOYMENT_TARGET = 14.5;
				MARKETING_VERSION = 1.0;
				PRODUCT_BUNDLE_IDENTIFIER = com.monscegutierrez.com.CulinaryCompass;
				PRODUCT_NAME = "$(TARGET_NAME)";
				SDKROOT = auto;
				SUPPORTED_PLATFORMS = "iphoneos iphonesimulator macosx";
				SWIFT_EMIT_LOC_STRINGS = YES;
				SWIFT_VERSION = 5.0;
				TARGETED_DEVICE_FAMILY = "1,2";
			};
			name = Debug;
		};
		395163812C094A7B003E39C7 /* Release */ = {
			isa = XCBuildConfiguration;
			buildSettings = {
				ASSETCATALOG_COMPILER_APPICON_NAME = AppIcon;
				ASSETCATALOG_COMPILER_GLOBAL_ACCENT_COLOR_NAME = AccentColor;
				CODE_SIGN_ENTITLEMENTS = CulinaryCompass/CulinaryCompass.entitlements;
				CODE_SIGN_STYLE = Automatic;
				CURRENT_PROJECT_VERSION = 1;
				DEVELOPMENT_ASSET_PATHS = "\"CulinaryCompass/Preview Content\"";
				ENABLE_PREVIEWS = YES;
				GENERATE_INFOPLIST_FILE = YES;
				"INFOPLIST_KEY_UIApplicationSceneManifest_Generation[sdk=iphoneos*]" = YES;
				"INFOPLIST_KEY_UIApplicationSceneManifest_Generation[sdk=iphonesimulator*]" = YES;
				"INFOPLIST_KEY_UIApplicationSupportsIndirectInputEvents[sdk=iphoneos*]" = YES;
				"INFOPLIST_KEY_UIApplicationSupportsIndirectInputEvents[sdk=iphonesimulator*]" = YES;
				"INFOPLIST_KEY_UILaunchScreen_Generation[sdk=iphoneos*]" = YES;
				"INFOPLIST_KEY_UILaunchScreen_Generation[sdk=iphonesimulator*]" = YES;
				"INFOPLIST_KEY_UIStatusBarStyle[sdk=iphoneos*]" = UIStatusBarStyleDefault;
				"INFOPLIST_KEY_UIStatusBarStyle[sdk=iphonesimulator*]" = UIStatusBarStyleDefault;
				INFOPLIST_KEY_UISupportedInterfaceOrientations_iPad = "UIInterfaceOrientationPortrait UIInterfaceOrientationPortraitUpsideDown UIInterfaceOrientationLandscapeLeft UIInterfaceOrientationLandscapeRight";
				INFOPLIST_KEY_UISupportedInterfaceOrientations_iPhone = "UIInterfaceOrientationPortrait UIInterfaceOrientationLandscapeLeft UIInterfaceOrientationLandscapeRight";
				IPHONEOS_DEPLOYMENT_TARGET = 17.5;
				LD_RUNPATH_SEARCH_PATHS = "@executable_path/Frameworks";
				"LD_RUNPATH_SEARCH_PATHS[sdk=macosx*]" = "@executable_path/../Frameworks";
				MACOSX_DEPLOYMENT_TARGET = 14.5;
				MARKETING_VERSION = 1.0;
				PRODUCT_BUNDLE_IDENTIFIER = com.monscegutierrez.com.CulinaryCompass;
				PRODUCT_NAME = "$(TARGET_NAME)";
				SDKROOT = auto;
				SUPPORTED_PLATFORMS = "iphoneos iphonesimulator macosx";
				SWIFT_EMIT_LOC_STRINGS = YES;
				SWIFT_VERSION = 5.0;
				TARGETED_DEVICE_FAMILY = "1,2";
			};
			name = Release;
		};
/* End XCBuildConfiguration section */

/* Begin XCConfigurationList section */
		3951636B2C094A79003E39C7 /* Build configuration list for PBXProject "CulinaryCompass" */ = {
			isa = XCConfigurationList;
			buildConfigurations = (
				3951637D2C094A7B003E39C7 /* Debug */,
				3951637E2C094A7B003E39C7 /* Release */,
			);
			defaultConfigurationIsVisible = 0;
			defaultConfigurationName = Release;
		};
		3951637F2C094A7B003E39C7 /* Build configuration list for PBXNativeTarget "CulinaryCompass" */ = {
			isa = XCConfigurationList;
			buildConfigurations = (
				395163802C094A7B003E39C7 /* Debug */,
				395163812C094A7B003E39C7 /* Release */,
			);
			defaultConfigurationIsVisible = 0;
			defaultConfigurationName = Release;
		};
/* End XCConfigurationList section */
	};
	rootObject = 395163682C094A79003E39C7 /* Project object */;
}
